// !$*UTF8*$!
{
	archiveVersion = 1;
	classes = {
	};
	objectVersion = 55;
	objects = {

/* Begin PBXBuildFile section */
		AF7D7A3028C67E5400850ABD /* H4x0r_NewsApp.swift in Sources */ = {isa = PBXBuildFile; fileRef = AF7D7A2F28C67E5400850ABD /* H4x0r_NewsApp.swift */; };
		AF7D7A3228C67E5400850ABD /* ContentView.swift in Sources */ = {isa = PBXBuildFile; fileRef = AF7D7A3128C67E5400850ABD /* ContentView.swift */; };
		AF7D7A3428C67E5600850ABD /* Assets.xcassets in Resources */ = {isa = PBXBuildFile; fileRef = AF7D7A3328C67E5600850ABD /* Assets.xcassets */; };
		AF7D7A3728C67E5600850ABD /* Preview Assets.xcassets in Resources */ = {isa = PBXBuildFile; fileRef = AF7D7A3628C67E5600850ABD /* Preview Assets.xcassets */; };
		AF7D7A3F28C684E600850ABD /* NetworkManager.swift in Sources */ = {isa = PBXBuildFile; fileRef = AF7D7A3E28C684E600850ABD /* NetworkManager.swift */; };
		AF7D7A4128C6877E00850ABD /* PostData.swift in Sources */ = {isa = PBXBuildFile; fileRef = AF7D7A4028C6877E00850ABD /* PostData.swift */; };
		AF9BC94228C7993E00783607 /* DetailView.swift in Sources */ = {isa = PBXBuildFile; fileRef = AF9BC94128C7993E00783607 /* DetailView.swift */; };
		AF9BC94428C7A11200783607 /* WebView.swift in Sources */ = {isa = PBXBuildFile; fileRef = AF9BC94328C7A11200783607 /* WebView.swift */; };
/* End PBXBuildFile section */

/* Begin PBXFileReference section */
		AF7D7A2C28C67E5400850ABD /* H4x0r News.app */ = {isa = PBXFileReference; explicitFileType = wrapper.application; includeInIndex = 0; path = "H4x0r News.app"; sourceTree = BUILT_PRODUCTS_DIR; };
		AF7D7A2F28C67E5400850ABD /* H4x0r_NewsApp.swift */ = {isa = PBXFileReference; lastKnownFileType = sourcecode.swift; path = H4x0r_NewsApp.swift; sourceTree = "<group>"; };
		AF7D7A3128C67E5400850ABD /* ContentView.swift */ = {isa = PBXFileReference; lastKnownFileType = sourcecode.swift; path = ContentView.swift; sourceTree = "<group>"; };
		AF7D7A3328C67E5600850ABD /* Assets.xcassets */ = {isa = PBXFileReference; lastKnownFileType = folder.assetcatalog; path = Assets.xcassets; sourceTree = "<group>"; };
		AF7D7A3628C67E5600850ABD /* Preview Assets.xcassets */ = {isa = PBXFileReference; lastKnownFileType = folder.assetcatalog; path = "Preview Assets.xcassets"; sourceTree = "<group>"; };
		AF7D7A3E28C684E600850ABD /* NetworkManager.swift */ = {isa = PBXFileReference; lastKnownFileType = sourcecode.swift; path = NetworkManager.swift; sourceTree = "<group>"; };
		AF7D7A4028C6877E00850ABD /* PostData.swift */ = {isa = PBXFileReference; lastKnownFileType = sourcecode.swift; path = PostData.swift; sourceTree = "<group>"; };
		AF9BC94128C7993E00783607 /* DetailView.swift */ = {isa = PBXFileReference; lastKnownFileType = sourcecode.swift; path = DetailView.swift; sourceTree = "<group>"; };
		AF9BC94328C7A11200783607 /* WebView.swift */ = {isa = PBXFileReference; lastKnownFileType = sourcecode.swift; path = WebView.swift; sourceTree = "<group>"; };
		AF9BC94528C7AF9000783607 /* H4x0r News.entitlements */ = {isa = PBXFileReference; lastKnownFileType = text.plist.entitlements; path = "H4x0r News.entitlements"; sourceTree = "<group>"; };
/* End PBXFileReference section */

/* Begin PBXFrameworksBuildPhase section */
		AF7D7A2928C67E5400850ABD /* Frameworks */ = {
			isa = PBXFrameworksBuildPhase;
			buildActionMask = 2147483647;
			files = (
			);
			runOnlyForDeploymentPostprocessing = 0;
		};
/* End PBXFrameworksBuildPhase section */

/* Begin PBXGroup section */
		AF7D7A2328C67E5400850ABD = {
			isa = PBXGroup;
			children = (
				AF7D7A2E28C67E5400850ABD /* H4x0r News */,
				AF7D7A2D28C67E5400850ABD /* Products */,
			);
			sourceTree = "<group>";
		};
		AF7D7A2D28C67E5400850ABD /* Products */ = {
			isa = PBXGroup;
			children = (
				AF7D7A2C28C67E5400850ABD /* H4x0r News.app */,
			);
			name = Products;
			sourceTree = "<group>";
		};
		AF7D7A2E28C67E5400850ABD /* H4x0r News */ = {
			isa = PBXGroup;
			children = (
				AF9BC94528C7AF9000783607 /* H4x0r News.entitlements */,
				AF7D7A2F28C67E5400850ABD /* H4x0r_NewsApp.swift */,
				AF9BC94028C7990900783607 /* Views */,
				AF7D7A3D28C684B800850ABD /* Models */,
				AF7D7A3328C67E5600850ABD /* Assets.xcassets */,
				AF7D7A3528C67E5600850ABD /* Preview Content */,
			);
			path = "H4x0r News";
			sourceTree = "<group>";
		};
		AF7D7A3528C67E5600850ABD /* Preview Content */ = {
			isa = PBXGroup;
			children = (
				AF7D7A3628C67E5600850ABD /* Preview Assets.xcassets */,
			);
			path = "Preview Content";
			sourceTree = "<group>";
		};
		AF7D7A3D28C684B800850ABD /* Models */ = {
			isa = PBXGroup;
			children = (
				AF7D7A3E28C684E600850ABD /* NetworkManager.swift */,
				AF7D7A4028C6877E00850ABD /* PostData.swift */,
			);
			path = Models;
			sourceTree = "<group>";
		};
		AF9BC94028C7990900783607 /* Views */ = {
			isa = PBXGroup;
			children = (
				AF7D7A3128C67E5400850ABD /* ContentView.swift */,
				AF9BC94128C7993E00783607 /* DetailView.swift */,
				AF9BC94328C7A11200783607 /* WebView.swift */,
			);
			path = Views;
			sourceTree = "<group>";
		};
/* End PBXGroup section */

/* Begin PBXNativeTarget section */
		AF7D7A2B28C67E5400850ABD /* H4x0r News */ = {
			isa = PBXNativeTarget;
			buildConfigurationList = AF7D7A3A28C67E5600850ABD /* Build configuration list for PBXNativeTarget "H4x0r News" */;
			buildPhases = (
				AF7D7A2828C67E5400850ABD /* Sources */,
				AF7D7A2928C67E5400850ABD /* Frameworks */,
				AF7D7A2A28C67E5400850ABD /* Resources */,
			);
			buildRules = (
			);
			dependencies = (
			);
			name = "H4x0r News";
			productName = "H4x0r News";
			productReference = AF7D7A2C28C67E5400850ABD /* H4x0r News.app */;
			productType = "com.apple.product-type.application";
		};
/* End PBXNativeTarget section */

/* Begin PBXProject section */
		AF7D7A2428C67E5400850ABD /* Project object */ = {
			isa = PBXProject;
			attributes = {
				BuildIndependentTargetsInParallel = 1;
				LastSwiftUpdateCheck = 1340;
				LastUpgradeCheck = 1340;
				TargetAttributes = {
					AF7D7A2B28C67E5400850ABD = {
						CreatedOnToolsVersion = 13.4.1;
					};
				};
			};
			buildConfigurationList = AF7D7A2728C67E5400850ABD /* Build configuration list for PBXProject "H4x0r News" */;
			compatibilityVersion = "Xcode 13.0";
			developmentRegion = en;
			hasScannedForEncodings = 0;
			knownRegions = (
				en,
				Base,
			);
			mainGroup = AF7D7A2328C67E5400850ABD;
			productRefGroup = AF7D7A2D28C67E5400850ABD /* Products */;
			projectDirPath = "";
			projectRoot = "";
			targets = (
				AF7D7A2B28C67E5400850ABD /* H4x0r News */,
			);
		};
/* End PBXProject section */

/* Begin PBXResourcesBuildPhase section */
		AF7D7A2A28C67E5400850ABD /* Resources */ = {
			isa = PBXResourcesBuildPhase;
			buildActionMask = 2147483647;
			files = (
				AF7D7A3728C67E5600850ABD /* Preview Assets.xcassets in Resources */,
				AF7D7A3428C67E5600850ABD /* Assets.xcassets in Resources */,
			);
			runOnlyForDeploymentPostprocessing = 0;
		};
/* End PBXResourcesBuildPhase section */

/* Begin PBXSourcesBuildPhase section */
		AF7D7A2828C67E5400850ABD /* Sources */ = {
			isa = PBXSourcesBuildPhase;
			buildActionMask = 2147483647;
			files = (
				AF7D7A3F28C684E600850ABD /* NetworkManager.swift in Sources */,
				AF7D7A4128C6877E00850ABD /* PostData.swift in Sources */,
				AF7D7A3228C67E5400850ABD /* ContentView.swift in Sources */,
				AF9BC94428C7A11200783607 /* WebView.swift in Sources */,
				AF9BC94228C7993E00783607 /* DetailView.swift in Sources */,
				AF7D7A3028C67E5400850ABD /* H4x0r_NewsApp.swift in Sources */,
			);
			runOnlyForDeploymentPostprocessing = 0;
		};
/* End PBXSourcesBuildPhase section */

/* Begin XCBuildConfiguration section */
		AF7D7A3828C67E5600850ABD /* Debug */ = {
			isa = XCBuildConfiguration;
			buildSettings = {
				ALWAYS_SEARCH_USER_PATHS = NO;
				CLANG_ANALYZER_NONNULL = YES;
				CLANG_ANALYZER_NUMBER_OBJECT_CONVERSION = YES_AGGRESSIVE;
				CLANG_CXX_LANGUAGE_STANDARD = "gnu++17";
				CLANG_ENABLE_MODULES = YES;
				CLANG_ENABLE_OBJC_ARC = YES;
				CLANG_ENABLE_OBJC_WEAK = YES;
				CLANG_WARN_BLOCK_CAPTURE_AUTORELEASING = YES;
				CLANG_WARN_BOOL_CONVERSION = YES;
				CLANG_WARN_COMMA = YES;
				CLANG_WARN_CONSTANT_CONVERSION = YES;
				CLANG_WARN_DEPRECATED_OBJC_IMPLEMENTATIONS = YES;
				CLANG_WARN_DIRECT_OBJC_ISA_USAGE = YES_ERROR;
				CLANG_WARN_DOCUMENTATION_COMMENTS = YES;
				CLANG_WARN_EMPTY_BODY = YES;
				CLANG_WARN_ENUM_CONVERSION = YES;
				CLANG_WARN_INFINITE_RECURSION = YES;
				CLANG_WARN_INT_CONVERSION = YES;
				CLANG_WARN_NON_LITERAL_NULL_CONVERSION = YES;
				CLANG_WARN_OBJC_IMPLICIT_RETAIN_SELF = YES;
				CLANG_WARN_OBJC_LITERAL_CONVERSION = YES;
				CLANG_WARN_OBJC_ROOT_CLASS = YES_ERROR;
				CLANG_WARN_QUOTED_INCLUDE_IN_FRAMEWORK_HEADER = YES;
				CLANG_WARN_RANGE_LOOP_ANALYSIS = YES;
				CLANG_WARN_STRICT_PROTOTYPES = YES;
				CLANG_WARN_SUSPICIOUS_MOVE = YES;
				CLANG_WARN_UNGUARDED_AVAILABILITY = YES_AGGRESSIVE;
				CLANG_WARN_UNREACHABLE_CODE = YES;
				CLANG_WARN__DUPLICATE_METHOD_MATCH = YES;
				COPY_PHASE_STRIP = NO;
				DEBUG_INFORMATION_FORMAT = dwarf;
				ENABLE_STRICT_OBJC_MSGSEND = YES;
				ENABLE_TESTABILITY = YES;
				GCC_C_LANGUAGE_STANDARD = gnu11;
				GCC_DYNAMIC_NO_PIC = NO;
				GCC_NO_COMMON_BLOCKS = YES;
				GCC_OPTIMIZATION_LEVEL = 0;
				GCC_PREPROCESSOR_DEFINITIONS = (
					"DEBUG=1",
					"$(inherited)",
				);
				GCC_WARN_64_TO_32_BIT_CONVERSION = YES;
				GCC_WARN_ABOUT_RETURN_TYPE = YES_ERROR;
				GCC_WARN_UNDECLARED_SELECTOR = YES;
				GCC_WARN_UNINITIALIZED_AUTOS = YES_AGGRESSIVE;
				GCC_WARN_UNUSED_FUNCTION = YES;
				GCC_WARN_UNUSED_VARIABLE = YES;
				IPHONEOS_DEPLOYMENT_TARGET = 15.5;
				MTL_ENABLE_DEBUG_INFO = INCLUDE_SOURCE;
				MTL_FAST_MATH = YES;
				ONLY_ACTIVE_ARCH = YES;
				SDKROOT = iphoneos;
				SWIFT_ACTIVE_COMPILATION_CONDITIONS = DEBUG;
				SWIFT_OPTIMIZATION_LEVEL = "-Onone";
			};
			name = Debug;
		};
		AF7D7A3928C67E5600850ABD /* Release */ = {
			isa = XCBuildConfiguration;
			buildSettings = {
				ALWAYS_SEARCH_USER_PATHS = NO;
				CLANG_ANALYZER_NONNULL = YES;
				CLANG_ANALYZER_NUMBER_OBJECT_CONVERSION = YES_AGGRESSIVE;
				CLANG_CXX_LANGUAGE_STANDARD = "gnu++17";
				CLANG_ENABLE_MODULES = YES;
				CLANG_ENABLE_OBJC_ARC = YES;
				CLANG_ENABLE_OBJC_WEAK = YES;
				CLANG_WARN_BLOCK_CAPTURE_AUTORELEASING = YES;
				CLANG_WARN_BOOL_CONVERSION = YES;
				CLANG_WARN_COMMA = YES;
				CLANG_WARN_CONSTANT_CONVERSION = YES;
				CLANG_WARN_DEPRECATED_OBJC_IMPLEMENTATIONS = YES;
				CLANG_WARN_DIRECT_OBJC_ISA_USAGE = YES_ERROR;
				CLANG_WARN_DOCUMENTATION_COMMENTS = YES;
				CLANG_WARN_EMPTY_BODY = YES;
				CLANG_WARN_ENUM_CONVERSION = YES;
				CLANG_WARN_INFINITE_RECURSION = YES;
				CLANG_WARN_INT_CONVERSION = YES;
				CLANG_WARN_NON_LITERAL_NULL_CONVERSION = YES;
				CLANG_WARN_OBJC_IMPLICIT_RETAIN_SELF = YES;
				CLANG_WARN_OBJC_LITERAL_CONVERSION = YES;
				CLANG_WARN_OBJC_ROOT_CLASS = YES_ERROR;
				CLANG_WARN_QUOTED_INCLUDE_IN_FRAMEWORK_HEADER = YES;
				CLANG_WARN_RANGE_LOOP_ANALYSIS = YES;
				CLANG_WARN_STRICT_PROTOTYPES = YES;
				CLANG_WARN_SUSPICIOUS_MOVE = YES;
				CLANG_WARN_UNGUARDED_AVAILABILITY = YES_AGGRESSIVE;
				CLANG_WARN_UNREACHABLE_CODE = YES;
				CLANG_WARN__DUPLICATE_METHOD_MATCH = YES;
				COPY_PHASE_STRIP = NO;
				DEBUG_INFORMATION_FORMAT = "dwarf-with-dsym";
				ENABLE_NS_ASSERTIONS = NO;
				ENABLE_STRICT_OBJC_MSGSEND = YES;
				GCC_C_LANGUAGE_STANDARD = gnu11;
				GCC_NO_COMMON_BLOCKS = YES;
				GCC_WARN_64_TO_32_BIT_CONVERSION = YES;
				GCC_WARN_ABOUT_RETURN_TYPE = YES_ERROR;
				GCC_WARN_UNDECLARED_SELECTOR = YES;
				GCC_WARN_UNINITIALIZED_AUTOS = YES_AGGRESSIVE;
				GCC_WARN_UNUSED_FUNCTION = YES;
				GCC_WARN_UNUSED_VARIABLE = YES;
				IPHONEOS_DEPLOYMENT_TARGET = 15.5;
				MTL_ENABLE_DEBUG_INFO = NO;
				MTL_FAST_MATH = YES;
				SDKROOT = iphoneos;
				SWIFT_COMPILATION_MODE = wholemodule;
				SWIFT_OPTIMIZATION_LEVEL = "-O";
				VALIDATE_PRODUCT = YES;
			};
			name = Release;
		};
		AF7D7A3B28C67E5600850ABD /* Debug */ = {
			isa = XCBuildConfiguration;
			buildSettings = {
				ASSETCATALOG_COMPILER_APPICON_NAME = AppIcon;
				ASSETCATALOG_COMPILER_GLOBAL_ACCENT_COLOR_NAME = AccentColor;
				CODE_SIGN_ENTITLEMENTS = "H4x0r News/H4x0r News.entitlements";
				CODE_SIGN_STYLE = Automatic;
				CURRENT_PROJECT_VERSION = 1;
				DEVELOPMENT_ASSET_PATHS = "\"H4x0r News/Preview Content\"";
				DEVELOPMENT_TEAM = 44MCDJ79G5;
				ENABLE_PREVIEWS = YES;
				GENERATE_INFOPLIST_FILE = YES;
				INFOPLIST_KEY_UIApplicationSceneManifest_Generation = YES;
				INFOPLIST_KEY_UIApplicationSupportsIndirectInputEvents = YES;
				INFOPLIST_KEY_UILaunchScreen_Generation = YES;
				INFOPLIST_KEY_UISupportedInterfaceOrientations_iPad = "UIInterfaceOrientationPortrait UIInterfaceOrientationPortraitUpsideDown UIInterfaceOrientationLandscapeLeft UIInterfaceOrientationLandscapeRight";
				INFOPLIST_KEY_UISupportedInterfaceOrientations_iPhone = "UIInterfaceOrientationPortrait UIInterfaceOrientationLandscapeLeft UIInterfaceOrientationLandscapeRight";
				LD_RUNPATH_SEARCH_PATHS = (
					"$(inherited)",
					"@executable_path/Frameworks",
				);
				MARKETING_VERSION = 1.0;
				PRODUCT_BUNDLE_IDENTIFIER = "com.HenriqueRossi.H4x0r-News";
				PRODUCT_NAME = "$(TARGET_NAME)";
				SUPPORTS_MACCATALYST = YES;
				SWIFT_EMIT_LOC_STRINGS = YES;
				SWIFT_VERSION = 5.0;
				TARGETED_DEVICE_FAMILY = "1,2";
			};
			name = Debug;
		};
		AF7D7A3C28C67E5600850ABD /* Release */ = {
			isa = XCBuildConfiguration;
			buildSettings = {
				ASSETCATALOG_COMPILER_APPICON_NAME = AppIcon;
				ASSETCATALOG_COMPILER_GLOBAL_ACCENT_COLOR_NAME = AccentColor;
				CODE_SIGN_ENTITLEMENTS = "H4x0r News/H4x0r News.entitlements";
				CODE_SIGN_STYLE = Automatic;
				CURRENT_PROJECT_VERSION = 1;
				DEVELOPMENT_ASSET_PATHS = "\"H4x0r News/Preview Content\"";
				DEVELOPMENT_TEAM = 44MCDJ79G5;
				ENABLE_PREVIEWS = YES;
				GENERATE_INFOPLIST_FILE = YES;
				INFOPLIST_KEY_UIApplicationSceneManifest_Generation = YES;
				INFOPLIST_KEY_UIApplicationSupportsIndirectInputEvents = YES;
				INFOPLIST_KEY_UILaunchScreen_Generation = YES;
				INFOPLIST_KEY_UISupportedInterfaceOrientations_iPad = "UIInterfaceOrientationPortrait UIInterfaceOrientationPortraitUpsideDown UIInterfaceOrientationLandscapeLeft UIInterfaceOrientationLandscapeRight";
				INFOPLIST_KEY_UISupportedInterfaceOrientations_iPhone = "UIInterfaceOrientationPortrait UIInterfaceOrientationLandscapeLeft UIInterfaceOrientationLandscapeRight";
				LD_RUNPATH_SEARCH_PATHS = (
					"$(inherited)",
					"@executable_path/Frameworks",
				);
				MARKETING_VERSION = 1.0;
				PRODUCT_BUNDLE_IDENTIFIER = "com.HenriqueRossi.H4x0r-News";
				PRODUCT_NAME = "$(TARGET_NAME)";
				SUPPORTS_MACCATALYST = YES;
				SWIFT_EMIT_LOC_STRINGS = YES;
				SWIFT_VERSION = 5.0;
				TARGETED_DEVICE_FAMILY = "1,2";
			};
			name = Release;
		};
/* End XCBuildConfiguration section */

/* Begin XCConfigurationList section */
		AF7D7A2728C67E5400850ABD /* Build configuration list for PBXProject "H4x0r News" */ = {
			isa = XCConfigurationList;
			buildConfigurations = (
				AF7D7A3828C67E5600850ABD /* Debug */,
				AF7D7A3928C67E5600850ABD /* Release */,
			);
			defaultConfigurationIsVisible = 0;
			defaultConfigurationName = Release;
		};
		AF7D7A3A28C67E5600850ABD /* Build configuration list for PBXNativeTarget "H4x0r News" */ = {
			isa = XCConfigurationList;
			buildConfigurations = (
				AF7D7A3B28C67E5600850ABD /* Debug */,
				AF7D7A3C28C67E5600850ABD /* Release */,
			);
			defaultConfigurationIsVisible = 0;
			defaultConfigurationName = Release;
		};
/* End XCConfigurationList section */
	};
	rootObject = AF7D7A2428C67E5400850ABD /* Project object */;
}
